
Microsoft Visual Studio Solution File, Format Version 12.00
Project("{FAE04EC0-301F-11D3-BF4B-00C04F79EFBC}") = "Puzzle1", "Puzzle1\Puzzle1.csproj", "{42EF27B0-B3DC-4E0A-AD09-A207D9B304D7}"
EndProject
Project("{FAE04EC0-301F-11D3-BF4B-00C04F79EFBC}") = "Puzzle2", "Puzzle2\Puzzle2.csproj", "{19538141-C2D5-4947-B46D-3BAABB007485}"
EndProject
Project("{FAE04EC0-301F-11D3-BF4B-00C04F79EFBC}") = "Puzzle3", "Puzzle3\Puzzle3.csproj", "{17E0F172-2CD6-4197-89EC-9BD6D8468FD7}"
EndProject
Project("{FAE04EC0-301F-11D3-BF4B-00C04F79EFBC}") = "Puzzle4", "Puzzle4\Puzzle4.csproj", "{189B0E54-6DE8-4BB4-B235-EF81776255C2}"
EndProject
Project("{FAE04EC0-301F-11D3-BF4B-00C04F79EFBC}") = "Puzzle5", "Puzzle5\Puzzle5.csproj", "{C0C1C9AE-AB52-465F-B8E6-83E3EF5EA013}"
EndProject
Project("{FAE04EC0-301F-11D3-BF4B-00C04F79EFBC}") = "Puzzle6", "Puzzle6\Puzzle6.csproj", "{BACB32CE-606F-4DB3-BDCB-B653BE02DE06}"
EndProject
Project("{FAE04EC0-301F-11D3-BF4B-00C04F79EFBC}") = "Puzzle7", "Puzzle7\Puzzle7.csproj", "{C08A7F07-C457-4EB2-A6EB-8248343FA205}"
EndProject
Project("{FAE04EC0-301F-11D3-BF4B-00C04F79EFBC}") = "Puzzle8", "Puzzle8\Puzzle8.csproj", "{BD085E42-679A-4AF6-AD1B-9DBE6C62B245}"
EndProject
Project("{FAE04EC0-301F-11D3-BF4B-00C04F79EFBC}") = "Puzzle9", "Puzzle9\Puzzle9.csproj", "{BE5CF0CF-4BE4-4ADD-AF8D-1AFA91578289}"
EndProject
Project("{FAE04EC0-301F-11D3-BF4B-00C04F79EFBC}") = "Puzzle10", "Puzzle10\Puzzle10.csproj", "{F88D6AB2-779A-49D0-943F-B5B0C5231147}"
EndProject
Project("{FAE04EC0-301F-11D3-BF4B-00C04F79EFBC}") = "Puzzle11", "Puzzle11\Puzzle11.csproj", "{0BFE861A-9845-4BD0-B022-D16EA4D097D6}"
EndProject
Project("{FAE04EC0-301F-11D3-BF4B-00C04F79EFBC}") = "Puzzle12", "Puzzle12\Puzzle12.csproj", "{178B8A2C-BE99-48ED-8ED4-63787833B198}"
EndProject
Project("{FAE04EC0-301F-11D3-BF4B-00C04F79EFBC}") = "Puzzle13", "Puzzle13\Puzzle13.csproj", "{C2EABC3B-C485-4EF9-94E9-279596E30BD1}"
EndProject
Project("{FAE04EC0-301F-11D3-BF4B-00C04F79EFBC}") = "Puzzle14", "Puzzle14\Puzzle14.csproj", "{738940AD-47A1-426F-82DA-5A276BB03121}"
EndProject
Project("{FAE04EC0-301F-11D3-BF4B-00C04F79EFBC}") = "Puzzle15", "Puzzle15\Puzzle15.csproj", "{7B860BCA-CA9E-40B0-90B5-90C9FF445723}"
EndProject
Project("{FAE04EC0-301F-11D3-BF4B-00C04F79EFBC}") = "Puzzle16", "Puzzle16\Puzzle16.csproj", "{8D0E848D-F1B5-482B-AB1D-38C16AD3DD3D}"
EndProject
Project("{FAE04EC0-301F-11D3-BF4B-00C04F79EFBC}") = "Puzzle17", "Puzzle17\Puzzle17.csproj", "{228E0891-3397-4D86-8BB8-E082B2237217}"
EndProject
Project("{FAE04EC0-301F-11D3-BF4B-00C04F79EFBC}") = "Puzzle18", "Puzzle18\Puzzle18.csproj", "{A14EE749-3945-4006-A015-8F769832F0D0}"
EndProject
Project("{FAE04EC0-301F-11D3-BF4B-00C04F79EFBC}") = "Puzzle19", "Puzzle19\Puzzle19.csproj", "{FD3B1163-E8FA-42FD-91B4-33DA7FCE09C8}"
EndProject
Project("{FAE04EC0-301F-11D3-BF4B-00C04F79EFBC}") = "Puzzle20", "Puzzle20\Puzzle20.csproj", "{A383BBB9-EDEC-453C-A41C-CC8B87D00B57}"
EndProject
Project("{FAE04EC0-301F-11D3-BF4B-00C04F79EFBC}") = "Puzzle21", "Puzzle21\Puzzle21.csproj", "{6C13B3E7-8115-4100-B860-A2E488818EA2}"
EndProject
Project("{FAE04EC0-301F-11D3-BF4B-00C04F79EFBC}") = "Puzzle22", "Puzzle22\Puzzle22.csproj", "{2DADB159-E3E5-4CF1-ADA8-37BC3E1E4A35}"
EndProject
Project("{FAE04EC0-301F-11D3-BF4B-00C04F79EFBC}") = "Puzzle23", "Puzzle23\Puzzle23.csproj", "{CF15ACFD-2755-4B90-AFC6-9E1EE5FB013D}"
EndProject
Project("{FAE04EC0-301F-11D3-BF4B-00C04F79EFBC}") = "Puzzle24", "Puzzle24\Puzzle24.csproj", "{06DA2A6B-39AE-4B3A-ABF4-EBC1A2E391D6}"
EndProject
Project("{FAE04EC0-301F-11D3-BF4B-00C04F79EFBC}") = "Puzzle25", "Puzzle25\Puzzle25.csproj", "{0E20AA81-D34C-42A8-8FA9-4A827748F864}"
EndProject
Project("{FAE04EC0-301F-11D3-BF4B-00C04F79EFBC}") = "Puzzle26", "Puzzle26\Puzzle26.csproj", "{21B89B60-7A1F-4327-A404-267010DA3A51}"
EndProject
Project("{FAE04EC0-301F-11D3-BF4B-00C04F79EFBC}") = "Puzzle27", "Puzzle27\Puzzle27.csproj", "{513D926F-2765-4137-9448-410F2FC24294}"
EndProject
Project("{FAE04EC0-301F-11D3-BF4B-00C04F79EFBC}") = "Puzzle28", "Puzzle28\Puzzle28.csproj", "{5CD80E5A-F8D3-4CBD-9199-5ED3641C4952}"
EndProject
Project("{FAE04EC0-301F-11D3-BF4B-00C04F79EFBC}") = "Puzzle29", "Puzzle29\Puzzle29.csproj", "{5C3BE5C1-6D65-4B86-A46F-FDC9F6B25876}"
EndProject
Project("{FAE04EC0-301F-11D3-BF4B-00C04F79EFBC}") = "Puzzle30", "Puzzle30\Puzzle30.csproj", "{77B6E2DB-6B2B-43BB-97F0-B56E88A922D7}"
EndProject
Project("{FAE04EC0-301F-11D3-BF4B-00C04F79EFBC}") = "Puzzle31", "Puzzle31\Puzzle31.csproj", "{B1400B05-6298-41CC-89E8-BE049FB690B2}"
EndProject
Project("{FAE04EC0-301F-11D3-BF4B-00C04F79EFBC}") = "Puzzle32", "Puzzle32\Puzzle32.csproj", "{07ABFDBB-8FAC-4106-A308-8E1F2072DD22}"
EndProject
Project("{FAE04EC0-301F-11D3-BF4B-00C04F79EFBC}") = "Puzzle33", "Puzzle33\Puzzle33.csproj", "{2FE7CA92-502D-4697-83EE-3D4EF79E9394}"
EndProject
Project("{FAE04EC0-301F-11D3-BF4B-00C04F79EFBC}") = "Puzzle34", "Puzzle34\Puzzle34.csproj", "{7A660181-4BA6-4224-9544-16F1E22B753A}"
EndProject
Project("{FAE04EC0-301F-11D3-BF4B-00C04F79EFBC}") = "Puzzle35", "Puzzle35\Puzzle35.csproj", "{FE575E0B-034F-460F-A4B0-9F0AE9082D7B}"
EndProject
Project("{FAE04EC0-301F-11D3-BF4B-00C04F79EFBC}") = "Puzzle36", "Puzzle36\Puzzle36.csproj", "{57C81C61-5ED5-49A3-98A9-A6AD663016BE}"
EndProject
Project("{FAE04EC0-301F-11D3-BF4B-00C04F79EFBC}") = "Puzzle37", "Puzzle37\Puzzle37.csproj", "{2C396CC9-DAB3-473B-AC82-9E8F55E7E5C2}"
EndProject
Project("{FAE04EC0-301F-11D3-BF4B-00C04F79EFBC}") = "Puzzle38", "Puzzle38\Puzzle38.csproj", "{097C1861-FBFC-4833-A705-F21855DF23ED}"
EndProject
Project("{FAE04EC0-301F-11D3-BF4B-00C04F79EFBC}") = "Puzzle39", "Puzzle39\Puzzle39.csproj", "{1BC12FE5-B4F6-4B3A-9737-2D837250FE8A}"
EndProject
Project("{FAE04EC0-301F-11D3-BF4B-00C04F79EFBC}") = "Puzzle40", "Puzzle40\Puzzle40.csproj", "{9A112531-66DF-45C6-BB6C-B5B48CC48BF6}"
EndProject
Project("{FAE04EC0-301F-11D3-BF4B-00C04F79EFBC}") = "Puzzle41", "Puzzle41\Puzzle41.csproj", "{1D57AB35-4FE9-4291-8C49-0DD239CCC594}"
EndProject
Project("{FAE04EC0-301F-11D3-BF4B-00C04F79EFBC}") = "Puzzle42", "Puzzle42\Puzzle42.csproj", "{A2AE2280-9715-4D0F-8A2F-A0AA539FB08B}"
EndProject
Project("{FAE04EC0-301F-11D3-BF4B-00C04F79EFBC}") = "Puzzle43", "Puzzle43\Puzzle43.csproj", "{755A5515-75E4-4214-8861-A6721293221C}"
EndProject
Project("{FAE04EC0-301F-11D3-BF4B-00C04F79EFBC}") = "Puzzle44", "Puzzle44\Puzzle44.csproj", "{3195FCF8-3352-4546-A470-642A0C70F20F}"
EndProject
Global
	GlobalSection(SolutionConfigurationPlatforms) = preSolution
		Debug|Any CPU = Debug|Any CPU
		Release|Any CPU = Release|Any CPU
	EndGlobalSection
	GlobalSection(ProjectConfigurationPlatforms) = postSolution
		{42EF27B0-B3DC-4E0A-AD09-A207D9B304D7}.Debug|Any CPU.ActiveCfg = Debug|Any CPU
		{42EF27B0-B3DC-4E0A-AD09-A207D9B304D7}.Debug|Any CPU.Build.0 = Debug|Any CPU
		{42EF27B0-B3DC-4E0A-AD09-A207D9B304D7}.Release|Any CPU.ActiveCfg = Release|Any CPU
		{42EF27B0-B3DC-4E0A-AD09-A207D9B304D7}.Release|Any CPU.Build.0 = Release|Any CPU
		{19538141-C2D5-4947-B46D-3BAABB007485}.Debug|Any CPU.ActiveCfg = Debug|Any CPU
		{19538141-C2D5-4947-B46D-3BAABB007485}.Debug|Any CPU.Build.0 = Debug|Any CPU
		{19538141-C2D5-4947-B46D-3BAABB007485}.Release|Any CPU.ActiveCfg = Release|Any CPU
		{19538141-C2D5-4947-B46D-3BAABB007485}.Release|Any CPU.Build.0 = Release|Any CPU
		{17E0F172-2CD6-4197-89EC-9BD6D8468FD7}.Debug|Any CPU.ActiveCfg = Debug|Any CPU
		{17E0F172-2CD6-4197-89EC-9BD6D8468FD7}.Debug|Any CPU.Build.0 = Debug|Any CPU
		{17E0F172-2CD6-4197-89EC-9BD6D8468FD7}.Release|Any CPU.ActiveCfg = Release|Any CPU
		{17E0F172-2CD6-4197-89EC-9BD6D8468FD7}.Release|Any CPU.Build.0 = Release|Any CPU
		{189B0E54-6DE8-4BB4-B235-EF81776255C2}.Debug|Any CPU.ActiveCfg = Debug|Any CPU
		{189B0E54-6DE8-4BB4-B235-EF81776255C2}.Debug|Any CPU.Build.0 = Debug|Any CPU
		{189B0E54-6DE8-4BB4-B235-EF81776255C2}.Release|Any CPU.ActiveCfg = Release|Any CPU
		{189B0E54-6DE8-4BB4-B235-EF81776255C2}.Release|Any CPU.Build.0 = Release|Any CPU
		{C0C1C9AE-AB52-465F-B8E6-83E3EF5EA013}.Debug|Any CPU.ActiveCfg = Debug|Any CPU
		{C0C1C9AE-AB52-465F-B8E6-83E3EF5EA013}.Debug|Any CPU.Build.0 = Debug|Any CPU
		{C0C1C9AE-AB52-465F-B8E6-83E3EF5EA013}.Release|Any CPU.ActiveCfg = Release|Any CPU
		{C0C1C9AE-AB52-465F-B8E6-83E3EF5EA013}.Release|Any CPU.Build.0 = Release|Any CPU
		{BACB32CE-606F-4DB3-BDCB-B653BE02DE06}.Debug|Any CPU.ActiveCfg = Debug|Any CPU
		{BACB32CE-606F-4DB3-BDCB-B653BE02DE06}.Debug|Any CPU.Build.0 = Debug|Any CPU
		{BACB32CE-606F-4DB3-BDCB-B653BE02DE06}.Release|Any CPU.ActiveCfg = Release|Any CPU
		{BACB32CE-606F-4DB3-BDCB-B653BE02DE06}.Release|Any CPU.Build.0 = Release|Any CPU
		{C08A7F07-C457-4EB2-A6EB-8248343FA205}.Debug|Any CPU.ActiveCfg = Debug|Any CPU
		{C08A7F07-C457-4EB2-A6EB-8248343FA205}.Debug|Any CPU.Build.0 = Debug|Any CPU
		{C08A7F07-C457-4EB2-A6EB-8248343FA205}.Release|Any CPU.ActiveCfg = Release|Any CPU
		{C08A7F07-C457-4EB2-A6EB-8248343FA205}.Release|Any CPU.Build.0 = Release|Any CPU
		{BD085E42-679A-4AF6-AD1B-9DBE6C62B245}.Debug|Any CPU.ActiveCfg = Debug|Any CPU
		{BD085E42-679A-4AF6-AD1B-9DBE6C62B245}.Debug|Any CPU.Build.0 = Debug|Any CPU
		{BD085E42-679A-4AF6-AD1B-9DBE6C62B245}.Release|Any CPU.ActiveCfg = Release|Any CPU
		{BD085E42-679A-4AF6-AD1B-9DBE6C62B245}.Release|Any CPU.Build.0 = Release|Any CPU
		{BE5CF0CF-4BE4-4ADD-AF8D-1AFA91578289}.Debug|Any CPU.ActiveCfg = Debug|Any CPU
		{BE5CF0CF-4BE4-4ADD-AF8D-1AFA91578289}.Debug|Any CPU.Build.0 = Debug|Any CPU
		{BE5CF0CF-4BE4-4ADD-AF8D-1AFA91578289}.Release|Any CPU.ActiveCfg = Release|Any CPU
		{BE5CF0CF-4BE4-4ADD-AF8D-1AFA91578289}.Release|Any CPU.Build.0 = Release|Any CPU
		{F88D6AB2-779A-49D0-943F-B5B0C5231147}.Debug|Any CPU.ActiveCfg = Debug|Any CPU
		{F88D6AB2-779A-49D0-943F-B5B0C5231147}.Debug|Any CPU.Build.0 = Debug|Any CPU
		{F88D6AB2-779A-49D0-943F-B5B0C5231147}.Release|Any CPU.ActiveCfg = Release|Any CPU
		{F88D6AB2-779A-49D0-943F-B5B0C5231147}.Release|Any CPU.Build.0 = Release|Any CPU
		{0BFE861A-9845-4BD0-B022-D16EA4D097D6}.Debug|Any CPU.ActiveCfg = Debug|Any CPU
		{0BFE861A-9845-4BD0-B022-D16EA4D097D6}.Debug|Any CPU.Build.0 = Debug|Any CPU
		{0BFE861A-9845-4BD0-B022-D16EA4D097D6}.Release|Any CPU.ActiveCfg = Release|Any CPU
		{0BFE861A-9845-4BD0-B022-D16EA4D097D6}.Release|Any CPU.Build.0 = Release|Any CPU
		{178B8A2C-BE99-48ED-8ED4-63787833B198}.Debug|Any CPU.ActiveCfg = Debug|Any CPU
		{178B8A2C-BE99-48ED-8ED4-63787833B198}.Debug|Any CPU.Build.0 = Debug|Any CPU
		{178B8A2C-BE99-48ED-8ED4-63787833B198}.Release|Any CPU.ActiveCfg = Release|Any CPU
		{178B8A2C-BE99-48ED-8ED4-63787833B198}.Release|Any CPU.Build.0 = Release|Any CPU
		{C2EABC3B-C485-4EF9-94E9-279596E30BD1}.Debug|Any CPU.ActiveCfg = Debug|Any CPU
		{C2EABC3B-C485-4EF9-94E9-279596E30BD1}.Debug|Any CPU.Build.0 = Debug|Any CPU
		{C2EABC3B-C485-4EF9-94E9-279596E30BD1}.Release|Any CPU.ActiveCfg = Release|Any CPU
		{C2EABC3B-C485-4EF9-94E9-279596E30BD1}.Release|Any CPU.Build.0 = Release|Any CPU
		{738940AD-47A1-426F-82DA-5A276BB03121}.Debug|Any CPU.ActiveCfg = Debug|Any CPU
		{738940AD-47A1-426F-82DA-5A276BB03121}.Debug|Any CPU.Build.0 = Debug|Any CPU
		{738940AD-47A1-426F-82DA-5A276BB03121}.Release|Any CPU.ActiveCfg = Release|Any CPU
		{738940AD-47A1-426F-82DA-5A276BB03121}.Release|Any CPU.Build.0 = Release|Any CPU
		{7B860BCA-CA9E-40B0-90B5-90C9FF445723}.Debug|Any CPU.ActiveCfg = Debug|Any CPU
		{7B860BCA-CA9E-40B0-90B5-90C9FF445723}.Debug|Any CPU.Build.0 = Debug|Any CPU
		{7B860BCA-CA9E-40B0-90B5-90C9FF445723}.Release|Any CPU.ActiveCfg = Release|Any CPU
		{7B860BCA-CA9E-40B0-90B5-90C9FF445723}.Release|Any CPU.Build.0 = Release|Any CPU
		{8D0E848D-F1B5-482B-AB1D-38C16AD3DD3D}.Debug|Any CPU.ActiveCfg = Debug|Any CPU
		{8D0E848D-F1B5-482B-AB1D-38C16AD3DD3D}.Debug|Any CPU.Build.0 = Debug|Any CPU
		{8D0E848D-F1B5-482B-AB1D-38C16AD3DD3D}.Release|Any CPU.ActiveCfg = Release|Any CPU
		{8D0E848D-F1B5-482B-AB1D-38C16AD3DD3D}.Release|Any CPU.Build.0 = Release|Any CPU
		{228E0891-3397-4D86-8BB8-E082B2237217}.Debug|Any CPU.ActiveCfg = Debug|Any CPU
		{228E0891-3397-4D86-8BB8-E082B2237217}.Debug|Any CPU.Build.0 = Debug|Any CPU
		{228E0891-3397-4D86-8BB8-E082B2237217}.Release|Any CPU.ActiveCfg = Release|Any CPU
		{228E0891-3397-4D86-8BB8-E082B2237217}.Release|Any CPU.Build.0 = Release|Any CPU
		{A14EE749-3945-4006-A015-8F769832F0D0}.Debug|Any CPU.ActiveCfg = Debug|Any CPU
		{A14EE749-3945-4006-A015-8F769832F0D0}.Debug|Any CPU.Build.0 = Debug|Any CPU
		{A14EE749-3945-4006-A015-8F769832F0D0}.Release|Any CPU.ActiveCfg = Release|Any CPU
		{A14EE749-3945-4006-A015-8F769832F0D0}.Release|Any CPU.Build.0 = Release|Any CPU
		{FD3B1163-E8FA-42FD-91B4-33DA7FCE09C8}.Debug|Any CPU.ActiveCfg = Debug|Any CPU
		{FD3B1163-E8FA-42FD-91B4-33DA7FCE09C8}.Debug|Any CPU.Build.0 = Debug|Any CPU
		{FD3B1163-E8FA-42FD-91B4-33DA7FCE09C8}.Release|Any CPU.ActiveCfg = Release|Any CPU
		{FD3B1163-E8FA-42FD-91B4-33DA7FCE09C8}.Release|Any CPU.Build.0 = Release|Any CPU
		{A383BBB9-EDEC-453C-A41C-CC8B87D00B57}.Debug|Any CPU.ActiveCfg = Debug|Any CPU
		{A383BBB9-EDEC-453C-A41C-CC8B87D00B57}.Debug|Any CPU.Build.0 = Debug|Any CPU
		{A383BBB9-EDEC-453C-A41C-CC8B87D00B57}.Release|Any CPU.ActiveCfg = Release|Any CPU
		{A383BBB9-EDEC-453C-A41C-CC8B87D00B57}.Release|Any CPU.Build.0 = Release|Any CPU
		{6C13B3E7-8115-4100-B860-A2E488818EA2}.Debug|Any CPU.ActiveCfg = Debug|Any CPU
		{6C13B3E7-8115-4100-B860-A2E488818EA2}.Debug|Any CPU.Build.0 = Debug|Any CPU
		{6C13B3E7-8115-4100-B860-A2E488818EA2}.Release|Any CPU.ActiveCfg = Release|Any CPU
		{6C13B3E7-8115-4100-B860-A2E488818EA2}.Release|Any CPU.Build.0 = Release|Any CPU
		{2DADB159-E3E5-4CF1-ADA8-37BC3E1E4A35}.Debug|Any CPU.ActiveCfg = Debug|Any CPU
		{2DADB159-E3E5-4CF1-ADA8-37BC3E1E4A35}.Debug|Any CPU.Build.0 = Debug|Any CPU
		{2DADB159-E3E5-4CF1-ADA8-37BC3E1E4A35}.Release|Any CPU.ActiveCfg = Release|Any CPU
		{2DADB159-E3E5-4CF1-ADA8-37BC3E1E4A35}.Release|Any CPU.Build.0 = Release|Any CPU
		{CF15ACFD-2755-4B90-AFC6-9E1EE5FB013D}.Debug|Any CPU.ActiveCfg = Debug|Any CPU
		{CF15ACFD-2755-4B90-AFC6-9E1EE5FB013D}.Debug|Any CPU.Build.0 = Debug|Any CPU
		{CF15ACFD-2755-4B90-AFC6-9E1EE5FB013D}.Release|Any CPU.ActiveCfg = Release|Any CPU
		{CF15ACFD-2755-4B90-AFC6-9E1EE5FB013D}.Release|Any CPU.Build.0 = Release|Any CPU
		{06DA2A6B-39AE-4B3A-ABF4-EBC1A2E391D6}.Debug|Any CPU.ActiveCfg = Debug|Any CPU
		{06DA2A6B-39AE-4B3A-ABF4-EBC1A2E391D6}.Debug|Any CPU.Build.0 = Debug|Any CPU
		{06DA2A6B-39AE-4B3A-ABF4-EBC1A2E391D6}.Release|Any CPU.ActiveCfg = Release|Any CPU
		{06DA2A6B-39AE-4B3A-ABF4-EBC1A2E391D6}.Release|Any CPU.Build.0 = Release|Any CPU
		{0E20AA81-D34C-42A8-8FA9-4A827748F864}.Debug|Any CPU.ActiveCfg = Debug|Any CPU
		{0E20AA81-D34C-42A8-8FA9-4A827748F864}.Debug|Any CPU.Build.0 = Debug|Any CPU
		{0E20AA81-D34C-42A8-8FA9-4A827748F864}.Release|Any CPU.ActiveCfg = Release|Any CPU
		{0E20AA81-D34C-42A8-8FA9-4A827748F864}.Release|Any CPU.Build.0 = Release|Any CPU
		{21B89B60-7A1F-4327-A404-267010DA3A51}.Debug|Any CPU.ActiveCfg = Debug|Any CPU
		{21B89B60-7A1F-4327-A404-267010DA3A51}.Debug|Any CPU.Build.0 = Debug|Any CPU
		{21B89B60-7A1F-4327-A404-267010DA3A51}.Release|Any CPU.ActiveCfg = Release|Any CPU
		{21B89B60-7A1F-4327-A404-267010DA3A51}.Release|Any CPU.Build.0 = Release|Any CPU
		{513D926F-2765-4137-9448-410F2FC24294}.Debug|Any CPU.ActiveCfg = Debug|Any CPU
		{513D926F-2765-4137-9448-410F2FC24294}.Debug|Any CPU.Build.0 = Debug|Any CPU
		{513D926F-2765-4137-9448-410F2FC24294}.Release|Any CPU.ActiveCfg = Release|Any CPU
		{513D926F-2765-4137-9448-410F2FC24294}.Release|Any CPU.Build.0 = Release|Any CPU
		{5CD80E5A-F8D3-4CBD-9199-5ED3641C4952}.Debug|Any CPU.ActiveCfg = Debug|Any CPU
		{5CD80E5A-F8D3-4CBD-9199-5ED3641C4952}.Debug|Any CPU.Build.0 = Debug|Any CPU
		{5CD80E5A-F8D3-4CBD-9199-5ED3641C4952}.Release|Any CPU.ActiveCfg = Release|Any CPU
		{5CD80E5A-F8D3-4CBD-9199-5ED3641C4952}.Release|Any CPU.Build.0 = Release|Any CPU
		{5C3BE5C1-6D65-4B86-A46F-FDC9F6B25876}.Debug|Any CPU.ActiveCfg = Debug|Any CPU
		{5C3BE5C1-6D65-4B86-A46F-FDC9F6B25876}.Debug|Any CPU.Build.0 = Debug|Any CPU
		{5C3BE5C1-6D65-4B86-A46F-FDC9F6B25876}.Release|Any CPU.ActiveCfg = Release|Any CPU
		{5C3BE5C1-6D65-4B86-A46F-FDC9F6B25876}.Release|Any CPU.Build.0 = Release|Any CPU
		{77B6E2DB-6B2B-43BB-97F0-B56E88A922D7}.Debug|Any CPU.ActiveCfg = Debug|Any CPU
		{77B6E2DB-6B2B-43BB-97F0-B56E88A922D7}.Debug|Any CPU.Build.0 = Debug|Any CPU
		{77B6E2DB-6B2B-43BB-97F0-B56E88A922D7}.Release|Any CPU.ActiveCfg = Release|Any CPU
		{77B6E2DB-6B2B-43BB-97F0-B56E88A922D7}.Release|Any CPU.Build.0 = Release|Any CPU
		{B1400B05-6298-41CC-89E8-BE049FB690B2}.Debug|Any CPU.ActiveCfg = Debug|Any CPU
		{B1400B05-6298-41CC-89E8-BE049FB690B2}.Debug|Any CPU.Build.0 = Debug|Any CPU
		{B1400B05-6298-41CC-89E8-BE049FB690B2}.Release|Any CPU.ActiveCfg = Release|Any CPU
		{B1400B05-6298-41CC-89E8-BE049FB690B2}.Release|Any CPU.Build.0 = Release|Any CPU
		{07ABFDBB-8FAC-4106-A308-8E1F2072DD22}.Debug|Any CPU.ActiveCfg = Debug|Any CPU
		{07ABFDBB-8FAC-4106-A308-8E1F2072DD22}.Debug|Any CPU.Build.0 = Debug|Any CPU
		{07ABFDBB-8FAC-4106-A308-8E1F2072DD22}.Release|Any CPU.ActiveCfg = Release|Any CPU
		{07ABFDBB-8FAC-4106-A308-8E1F2072DD22}.Release|Any CPU.Build.0 = Release|Any CPU
		{2FE7CA92-502D-4697-83EE-3D4EF79E9394}.Debug|Any CPU.ActiveCfg = Debug|Any CPU
		{2FE7CA92-502D-4697-83EE-3D4EF79E9394}.Debug|Any CPU.Build.0 = Debug|Any CPU
		{2FE7CA92-502D-4697-83EE-3D4EF79E9394}.Release|Any CPU.ActiveCfg = Release|Any CPU
		{2FE7CA92-502D-4697-83EE-3D4EF79E9394}.Release|Any CPU.Build.0 = Release|Any CPU
		{7A660181-4BA6-4224-9544-16F1E22B753A}.Debug|Any CPU.ActiveCfg = Debug|Any CPU
		{7A660181-4BA6-4224-9544-16F1E22B753A}.Debug|Any CPU.Build.0 = Debug|Any CPU
		{7A660181-4BA6-4224-9544-16F1E22B753A}.Release|Any CPU.ActiveCfg = Release|Any CPU
		{7A660181-4BA6-4224-9544-16F1E22B753A}.Release|Any CPU.Build.0 = Release|Any CPU
		{FE575E0B-034F-460F-A4B0-9F0AE9082D7B}.Debug|Any CPU.ActiveCfg = Debug|Any CPU
		{FE575E0B-034F-460F-A4B0-9F0AE9082D7B}.Debug|Any CPU.Build.0 = Debug|Any CPU
		{FE575E0B-034F-460F-A4B0-9F0AE9082D7B}.Release|Any CPU.ActiveCfg = Release|Any CPU
		{FE575E0B-034F-460F-A4B0-9F0AE9082D7B}.Release|Any CPU.Build.0 = Release|Any CPU
		{57C81C61-5ED5-49A3-98A9-A6AD663016BE}.Debug|Any CPU.ActiveCfg = Debug|Any CPU
		{57C81C61-5ED5-49A3-98A9-A6AD663016BE}.Debug|Any CPU.Build.0 = Debug|Any CPU
		{57C81C61-5ED5-49A3-98A9-A6AD663016BE}.Release|Any CPU.ActiveCfg = Release|Any CPU
		{57C81C61-5ED5-49A3-98A9-A6AD663016BE}.Release|Any CPU.Build.0 = Release|Any CPU
		{2C396CC9-DAB3-473B-AC82-9E8F55E7E5C2}.Debug|Any CPU.ActiveCfg = Debug|Any CPU
		{2C396CC9-DAB3-473B-AC82-9E8F55E7E5C2}.Debug|Any CPU.Build.0 = Debug|Any CPU
		{2C396CC9-DAB3-473B-AC82-9E8F55E7E5C2}.Release|Any CPU.ActiveCfg = Release|Any CPU
		{2C396CC9-DAB3-473B-AC82-9E8F55E7E5C2}.Release|Any CPU.Build.0 = Release|Any CPU
		{097C1861-FBFC-4833-A705-F21855DF23ED}.Debug|Any CPU.ActiveCfg = Debug|Any CPU
		{097C1861-FBFC-4833-A705-F21855DF23ED}.Debug|Any CPU.Build.0 = Debug|Any CPU
		{097C1861-FBFC-4833-A705-F21855DF23ED}.Release|Any CPU.ActiveCfg = Release|Any CPU
		{097C1861-FBFC-4833-A705-F21855DF23ED}.Release|Any CPU.Build.0 = Release|Any CPU
		{1BC12FE5-B4F6-4B3A-9737-2D837250FE8A}.Debug|Any CPU.ActiveCfg = Debug|Any CPU
		{1BC12FE5-B4F6-4B3A-9737-2D837250FE8A}.Debug|Any CPU.Build.0 = Debug|Any CPU
		{1BC12FE5-B4F6-4B3A-9737-2D837250FE8A}.Release|Any CPU.ActiveCfg = Release|Any CPU
		{1BC12FE5-B4F6-4B3A-9737-2D837250FE8A}.Release|Any CPU.Build.0 = Release|Any CPU
		{9A112531-66DF-45C6-BB6C-B5B48CC48BF6}.Debug|Any CPU.ActiveCfg = Debug|Any CPU
		{9A112531-66DF-45C6-BB6C-B5B48CC48BF6}.Debug|Any CPU.Build.0 = Debug|Any CPU
		{9A112531-66DF-45C6-BB6C-B5B48CC48BF6}.Release|Any CPU.ActiveCfg = Release|Any CPU
		{9A112531-66DF-45C6-BB6C-B5B48CC48BF6}.Release|Any CPU.Build.0 = Release|Any CPU
		{1D57AB35-4FE9-4291-8C49-0DD239CCC594}.Debug|Any CPU.ActiveCfg = Debug|Any CPU
		{1D57AB35-4FE9-4291-8C49-0DD239CCC594}.Debug|Any CPU.Build.0 = Debug|Any CPU
		{1D57AB35-4FE9-4291-8C49-0DD239CCC594}.Release|Any CPU.ActiveCfg = Release|Any CPU
		{1D57AB35-4FE9-4291-8C49-0DD239CCC594}.Release|Any CPU.Build.0 = Release|Any CPU
		{A2AE2280-9715-4D0F-8A2F-A0AA539FB08B}.Debug|Any CPU.ActiveCfg = Debug|Any CPU
		{A2AE2280-9715-4D0F-8A2F-A0AA539FB08B}.Debug|Any CPU.Build.0 = Debug|Any CPU
		{A2AE2280-9715-4D0F-8A2F-A0AA539FB08B}.Release|Any CPU.ActiveCfg = Release|Any CPU
		{A2AE2280-9715-4D0F-8A2F-A0AA539FB08B}.Release|Any CPU.Build.0 = Release|Any CPU
		{755A5515-75E4-4214-8861-A6721293221C}.Debug|Any CPU.ActiveCfg = Debug|Any CPU
		{755A5515-75E4-4214-8861-A6721293221C}.Debug|Any CPU.Build.0 = Debug|Any CPU
		{755A5515-75E4-4214-8861-A6721293221C}.Release|Any CPU.ActiveCfg = Release|Any CPU
		{755A5515-75E4-4214-8861-A6721293221C}.Release|Any CPU.Build.0 = Release|Any CPU
		{3195FCF8-3352-4546-A470-642A0C70F20F}.Debug|Any CPU.ActiveCfg = Debug|Any CPU
		{3195FCF8-3352-4546-A470-642A0C70F20F}.Debug|Any CPU.Build.0 = Debug|Any CPU
		{3195FCF8-3352-4546-A470-642A0C70F20F}.Release|Any CPU.ActiveCfg = Release|Any CPU
		{3195FCF8-3352-4546-A470-642A0C70F20F}.Release|Any CPU.Build.0 = Release|Any CPU
	EndGlobalSection
EndGlobal
